
Microsoft Visual Studio Solution File, Format Version 12.00
# Visual Studio 14
VisualStudioVersion = 14.0.25420.1
MinimumVisualStudioVersion = 10.0.40219.1
Project("{FAE04EC0-301F-11D3-BF4B-00C04F79EFBC}") = "modelMcCullochWPF", "modelMcCulloch\modelMcCullochWPF.csproj", "{05F41C57-CE39-432D-9CF5-E829EC214D72}"
EndProject
Project("{FAE04EC0-301F-11D3-BF4B-00C04F79EFBC}") = "modelMcCullochWinForms", "modelMcCullochWinForms\modelMcCullochWinForms.csproj", "{465820C6-831A-4811-BB1D-DE3832ECFD65}"
EndProject
Global
	GlobalSection(SolutionConfigurationPlatforms) = preSolution
		Debug|Any CPU = Debug|Any CPU
		Release|Any CPU = Release|Any CPU
	EndGlobalSection
	GlobalSection(ProjectConfigurationPlatforms) = postSolution
		{05F41C57-CE39-432D-9CF5-E829EC214D72}.Debug|Any CPU.ActiveCfg = Debug|Any CPU
		{05F41C57-CE39-432D-9CF5-E829EC214D72}.Debug|Any CPU.Build.0 = Debug|Any CPU
		{05F41C57-CE39-432D-9CF5-E829EC214D72}.Release|Any CPU.ActiveCfg = Release|Any CPU
		{05F41C57-CE39-432D-9CF5-E829EC214D72}.Release|Any CPU.Build.0 = Release|Any CPU
		{465820C6-831A-4811-BB1D-DE3832ECFD65}.Debug|Any CPU.ActiveCfg = Debug|Any CPU
		{465820C6-831A-4811-BB1D-DE3832ECFD65}.Debug|Any CPU.Build.0 = Debug|Any CPU
		{465820C6-831A-4811-BB1D-DE3832ECFD65}.Release|Any CPU.ActiveCfg = Release|Any CPU
		{465820C6-831A-4811-BB1D-DE3832ECFD65}.Release|Any CPU.Build.0 = Release|Any CPU
	EndGlobalSection
	GlobalSection(SolutionProperties) = preSolution
		HideSolutionNode = FALSE
	EndGlobalSection
EndGlobal
